// !$*UTF8*$!
{
	archiveVersion = 1;
	classes = {
	};
	objectVersion = 46;
	objects = {

/* Begin PBXBuildFile section */
		9B02CBB61EC7EEBD00115F57 /* ActionProviderTests.swift in Sources */ = {isa = PBXBuildFile; fileRef = 9B02CBB51EC7EEBD00115F57 /* ActionProviderTests.swift */; };
		9B02CBB71EC7EFB400115F57 /* ReSwift.framework in Frameworks */ = {isa = PBXBuildFile; fileRef = 9BEDC1611EC44FC8009B775C /* ReSwift.framework */; };
		9B02CBD51EC7FA7B00115F57 /* ReducerTests.swift in Sources */ = {isa = PBXBuildFile; fileRef = 9B02CBD41EC7FA7B00115F57 /* ReducerTests.swift */; };
		9B1EC7D61EC586D700969A7A /* States.swift in Sources */ = {isa = PBXBuildFile; fileRef = 9B1EC7D51EC586D700969A7A /* States.swift */; };
		9B1EC7D81EC587A100969A7A /* Actions.swift in Sources */ = {isa = PBXBuildFile; fileRef = 9B1EC7D71EC587A100969A7A /* Actions.swift */; };
		9B1EC7DA1EC5880400969A7A /* Reducers.swift in Sources */ = {isa = PBXBuildFile; fileRef = 9B1EC7D91EC5880400969A7A /* Reducers.swift */; };
		9BA3B2651EC54901005083AF /* WebService.swift in Sources */ = {isa = PBXBuildFile; fileRef = 9BA3B2641EC54901005083AF /* WebService.swift */; };
		9BA3B2671EC54C12005083AF /* Film.swift in Sources */ = {isa = PBXBuildFile; fileRef = 9BA3B2661EC54C12005083AF /* Film.swift */; };
		9BA3B2691EC552CD005083AF /* FilmListViewController.swift in Sources */ = {isa = PBXBuildFile; fileRef = 9BA3B2681EC552CD005083AF /* FilmListViewController.swift */; };
		9BCADDB41EC44C7F005ACFD6 /* AppDelegate.swift in Sources */ = {isa = PBXBuildFile; fileRef = 9BCADDB31EC44C7F005ACFD6 /* AppDelegate.swift */; };
		9BCADDBB1EC44C7F005ACFD6 /* Assets.xcassets in Resources */ = {isa = PBXBuildFile; fileRef = 9BCADDBA1EC44C7F005ACFD6 /* Assets.xcassets */; };
		9BCADDBE1EC44C7F005ACFD6 /* LaunchScreen.storyboard in Resources */ = {isa = PBXBuildFile; fileRef = 9BCADDBC1EC44C7F005ACFD6 /* LaunchScreen.storyboard */; };
		9BEDC1621EC44FC8009B775C /* ReSwift.framework in Frameworks */ = {isa = PBXBuildFile; fileRef = 9BEDC1611EC44FC8009B775C /* ReSwift.framework */; };
/* End PBXBuildFile section */

/* Begin PBXContainerItemProxy section */
		9BCADDC51EC44C80005ACFD6 /* PBXContainerItemProxy */ = {
			isa = PBXContainerItemProxy;
			containerPortal = 9BCADDA81EC44C7F005ACFD6 /* Project object */;
			proxyType = 1;
			remoteGlobalIDString = 9BCADDAF1EC44C7F005ACFD6;
			remoteInfo = StarWars;
		};
/* End PBXContainerItemProxy section */

/* Begin PBXFileReference section */
		9B02CBB41EC7EEBD00115F57 /* StarWarsTests-Bridging-Header.h */ = {isa = PBXFileReference; lastKnownFileType = sourcecode.c.h; path = "StarWarsTests-Bridging-Header.h"; sourceTree = "<group>"; };
		9B02CBB51EC7EEBD00115F57 /* ActionProviderTests.swift */ = {isa = PBXFileReference; fileEncoding = 4; lastKnownFileType = sourcecode.swift; path = ActionProviderTests.swift; sourceTree = "<group>"; };
		9B02CBD41EC7FA7B00115F57 /* ReducerTests.swift */ = {isa = PBXFileReference; fileEncoding = 4; lastKnownFileType = sourcecode.swift; path = ReducerTests.swift; sourceTree = "<group>"; };
		9B1EC7D51EC586D700969A7A /* States.swift */ = {isa = PBXFileReference; fileEncoding = 4; lastKnownFileType = sourcecode.swift; path = States.swift; sourceTree = "<group>"; };
		9B1EC7D71EC587A100969A7A /* Actions.swift */ = {isa = PBXFileReference; fileEncoding = 4; lastKnownFileType = sourcecode.swift; path = Actions.swift; sourceTree = "<group>"; };
		9B1EC7D91EC5880400969A7A /* Reducers.swift */ = {isa = PBXFileReference; fileEncoding = 4; lastKnownFileType = sourcecode.swift; path = Reducers.swift; sourceTree = "<group>"; };
		9BA3B2641EC54901005083AF /* WebService.swift */ = {isa = PBXFileReference; fileEncoding = 4; lastKnownFileType = sourcecode.swift; path = WebService.swift; sourceTree = "<group>"; };
		9BA3B2661EC54C12005083AF /* Film.swift */ = {isa = PBXFileReference; fileEncoding = 4; lastKnownFileType = sourcecode.swift; path = Film.swift; sourceTree = "<group>"; };
		9BA3B2681EC552CD005083AF /* FilmListViewController.swift */ = {isa = PBXFileReference; fileEncoding = 4; lastKnownFileType = sourcecode.swift; path = FilmListViewController.swift; sourceTree = "<group>"; };
		9BCADDB01EC44C7F005ACFD6 /* StarWars.app */ = {isa = PBXFileReference; explicitFileType = wrapper.application; includeInIndex = 0; path = StarWars.app; sourceTree = BUILT_PRODUCTS_DIR; };
		9BCADDB31EC44C7F005ACFD6 /* AppDelegate.swift */ = {isa = PBXFileReference; lastKnownFileType = sourcecode.swift; path = AppDelegate.swift; sourceTree = "<group>"; };
		9BCADDBA1EC44C7F005ACFD6 /* Assets.xcassets */ = {isa = PBXFileReference; lastKnownFileType = folder.assetcatalog; path = Assets.xcassets; sourceTree = "<group>"; };
		9BCADDBD1EC44C7F005ACFD6 /* Base */ = {isa = PBXFileReference; lastKnownFileType = file.storyboard; name = Base; path = Base.lproj/LaunchScreen.storyboard; sourceTree = "<group>"; };
		9BCADDBF1EC44C7F005ACFD6 /* Info.plist */ = {isa = PBXFileReference; lastKnownFileType = text.plist.xml; path = Info.plist; sourceTree = "<group>"; };
		9BCADDC41EC44C80005ACFD6 /* StarWarsTests.xctest */ = {isa = PBXFileReference; explicitFileType = wrapper.cfbundle; includeInIndex = 0; path = StarWarsTests.xctest; sourceTree = BUILT_PRODUCTS_DIR; };
		9BCADDCA1EC44C80005ACFD6 /* Info.plist */ = {isa = PBXFileReference; lastKnownFileType = text.plist.xml; path = Info.plist; sourceTree = "<group>"; };
		9BEDC1611EC44FC8009B775C /* ReSwift.framework */ = {isa = PBXFileReference; lastKnownFileType = wrapper.framework; name = ReSwift.framework; path = Carthage/Build/iOS/ReSwift.framework; sourceTree = "<group>"; };
/* End PBXFileReference section */

/* Begin PBXFrameworksBuildPhase section */
		9BCADDAD1EC44C7F005ACFD6 /* Frameworks */ = {
			isa = PBXFrameworksBuildPhase;
			buildActionMask = 2147483647;
			files = (
				9BEDC1621EC44FC8009B775C /* ReSwift.framework in Frameworks */,
			);
			runOnlyForDeploymentPostprocessing = 0;
		};
		9BCADDC11EC44C80005ACFD6 /* Frameworks */ = {
			isa = PBXFrameworksBuildPhase;
			buildActionMask = 2147483647;
			files = (
				9B02CBB71EC7EFB400115F57 /* ReSwift.framework in Frameworks */,
			);
			runOnlyForDeploymentPostprocessing = 0;
		};
/* End PBXFrameworksBuildPhase section */

/* Begin PBXGroup section */
		9BCADDA71EC44C7F005ACFD6 = {
			isa = PBXGroup;
			children = (
				9BCADDB21EC44C7F005ACFD6 /* StarWars */,
				9BCADDC71EC44C80005ACFD6 /* StarWarsTests */,
				9BCADDB11EC44C7F005ACFD6 /* Products */,
				9BEDC1601EC44FC7009B775C /* Frameworks */,
			);
			sourceTree = "<group>";
		};
		9BCADDB11EC44C7F005ACFD6 /* Products */ = {
			isa = PBXGroup;
			children = (
				9BCADDB01EC44C7F005ACFD6 /* StarWars.app */,
				9BCADDC41EC44C80005ACFD6 /* StarWarsTests.xctest */,
			);
			name = Products;
			sourceTree = "<group>";
		};
		9BCADDB21EC44C7F005ACFD6 /* StarWars */ = {
			isa = PBXGroup;
			children = (
				9BCADDB31EC44C7F005ACFD6 /* AppDelegate.swift */,
				9BA3B2681EC552CD005083AF /* FilmListViewController.swift */,
				9BA3B2641EC54901005083AF /* WebService.swift */,
				9BA3B2661EC54C12005083AF /* Film.swift */,
				9BCADDBA1EC44C7F005ACFD6 /* Assets.xcassets */,
				9BCADDBC1EC44C7F005ACFD6 /* LaunchScreen.storyboard */,
				9BCADDBF1EC44C7F005ACFD6 /* Info.plist */,
				9B1EC7D51EC586D700969A7A /* States.swift */,
				9B1EC7D71EC587A100969A7A /* Actions.swift */,
				9B1EC7D91EC5880400969A7A /* Reducers.swift */,
			);
			path = StarWars;
			sourceTree = "<group>";
		};
		9BCADDC71EC44C80005ACFD6 /* StarWarsTests */ = {
			isa = PBXGroup;
			children = (
				9BCADDCA1EC44C80005ACFD6 /* Info.plist */,
				9B02CBB41EC7EEBD00115F57 /* StarWarsTests-Bridging-Header.h */,
				9B02CBB51EC7EEBD00115F57 /* ActionProviderTests.swift */,
				9B02CBD41EC7FA7B00115F57 /* ReducerTests.swift */,
			);
			path = StarWarsTests;
			sourceTree = "<group>";
		};
		9BEDC1601EC44FC7009B775C /* Frameworks */ = {
			isa = PBXGroup;
			children = (
				9BEDC1611EC44FC8009B775C /* ReSwift.framework */,
			);
			name = Frameworks;
			sourceTree = "<group>";
		};
/* End PBXGroup section */

/* Begin PBXNativeTarget section */
		9BCADDAF1EC44C7F005ACFD6 /* StarWars */ = {
			isa = PBXNativeTarget;
			buildConfigurationList = 9BCADDCD1EC44C80005ACFD6 /* Build configuration list for PBXNativeTarget "StarWars" */;
			buildPhases = (
				9BCADDAC1EC44C7F005ACFD6 /* Sources */,
				9BCADDAD1EC44C7F005ACFD6 /* Frameworks */,
				9BCADDAE1EC44C7F005ACFD6 /* Resources */,
				9BEDC1631EC44FEE009B775C /* Cathage */,
			);
			buildRules = (
			);
			dependencies = (
			);
			name = StarWars;
			productName = StarWars;
			productReference = 9BCADDB01EC44C7F005ACFD6 /* StarWars.app */;
			productType = "com.apple.product-type.application";
		};
		9BCADDC31EC44C80005ACFD6 /* StarWarsTests */ = {
			isa = PBXNativeTarget;
			buildConfigurationList = 9BCADDD01EC44C80005ACFD6 /* Build configuration list for PBXNativeTarget "StarWarsTests" */;
			buildPhases = (
				9BCADDC01EC44C80005ACFD6 /* Sources */,
				9BCADDC11EC44C80005ACFD6 /* Frameworks */,
				9BCADDC21EC44C80005ACFD6 /* Resources */,
			);
			buildRules = (
			);
			dependencies = (
				9BCADDC61EC44C80005ACFD6 /* PBXTargetDependency */,
			);
			name = StarWarsTests;
			productName = StarWarsTests;
			productReference = 9BCADDC41EC44C80005ACFD6 /* StarWarsTests.xctest */;
			productType = "com.apple.product-type.bundle.unit-test";
		};
/* End PBXNativeTarget section */

/* Begin PBXProject section */
		9BCADDA81EC44C7F005ACFD6 /* Project object */ = {
			isa = PBXProject;
			attributes = {
				LastSwiftUpdateCheck = 0830;
				LastUpgradeCheck = 0830;
				ORGANIZATIONNAME = "ShengHua Wu";
				TargetAttributes = {
					9BCADDAF1EC44C7F005ACFD6 = {
						CreatedOnToolsVersion = 8.3.2;
						ProvisioningStyle = Automatic;
					};
					9BCADDC31EC44C80005ACFD6 = {
						CreatedOnToolsVersion = 8.3.2;
						LastSwiftMigration = 0830;
						ProvisioningStyle = Automatic;
						TestTargetID = 9BCADDAF1EC44C7F005ACFD6;
					};
				};
			};
			buildConfigurationList = 9BCADDAB1EC44C7F005ACFD6 /* Build configuration list for PBXProject "StarWars" */;
			compatibilityVersion = "Xcode 3.2";
			developmentRegion = English;
			hasScannedForEncodings = 0;
			knownRegions = (
				en,
				Base,
			);
			mainGroup = 9BCADDA71EC44C7F005ACFD6;
			productRefGroup = 9BCADDB11EC44C7F005ACFD6 /* Products */;
			projectDirPath = "";
			projectRoot = "";
			targets = (
				9BCADDAF1EC44C7F005ACFD6 /* StarWars */,
				9BCADDC31EC44C80005ACFD6 /* StarWarsTests */,
			);
		};
/* End PBXProject section */

/* Begin PBXResourcesBuildPhase section */
		9BCADDAE1EC44C7F005ACFD6 /* Resources */ = {
			isa = PBXResourcesBuildPhase;
			buildActionMask = 2147483647;
			files = (
				9BCADDBE1EC44C7F005ACFD6 /* LaunchScreen.storyboard in Resources */,
				9BCADDBB1EC44C7F005ACFD6 /* Assets.xcassets in Resources */,
			);
			runOnlyForDeploymentPostprocessing = 0;
		};
		9BCADDC21EC44C80005ACFD6 /* Resources */ = {
			isa = PBXResourcesBuildPhase;
			buildActionMask = 2147483647;
			files = (
			);
			runOnlyForDeploymentPostprocessing = 0;
		};
/* End PBXResourcesBuildPhase section */

/* Begin PBXShellScriptBuildPhase section */
		9BEDC1631EC44FEE009B775C /* Cathage */ = {
			isa = PBXShellScriptBuildPhase;
			buildActionMask = 2147483647;
			files = (
			);
			inputPaths = (
				"$(SRCROOT)/Carthage/Build/iOS/ReSwift.framework",
			);
			name = Cathage;
			outputPaths = (
			);
			runOnlyForDeploymentPostprocessing = 0;
			shellPath = /bin/sh;
			shellScript = "/usr/local/bin/carthage copy-frameworks";
		};
/* End PBXShellScriptBuildPhase section */

/* Begin PBXSourcesBuildPhase section */
		9BCADDAC1EC44C7F005ACFD6 /* Sources */ = {
			isa = PBXSourcesBuildPhase;
			buildActionMask = 2147483647;
			files = (
				9BA3B2671EC54C12005083AF /* Film.swift in Sources */,
				9BA3B2691EC552CD005083AF /* FilmListViewController.swift in Sources */,
				9BCADDB41EC44C7F005ACFD6 /* AppDelegate.swift in Sources */,
				9B1EC7D81EC587A100969A7A /* Actions.swift in Sources */,
				9B1EC7D61EC586D700969A7A /* States.swift in Sources */,
				9BA3B2651EC54901005083AF /* WebService.swift in Sources */,
				9B1EC7DA1EC5880400969A7A /* Reducers.swift in Sources */,
			);
			runOnlyForDeploymentPostprocessing = 0;
		};
		9BCADDC01EC44C80005ACFD6 /* Sources */ = {
			isa = PBXSourcesBuildPhase;
			buildActionMask = 2147483647;
			files = (
				9B02CBD51EC7FA7B00115F57 /* ReducerTests.swift in Sources */,
				9B02CBB61EC7EEBD00115F57 /* ActionProviderTests.swift in Sources */,
			);
			runOnlyForDeploymentPostprocessing = 0;
		};
/* End PBXSourcesBuildPhase section */

/* Begin PBXTargetDependency section */
		9BCADDC61EC44C80005ACFD6 /* PBXTargetDependency */ = {
			isa = PBXTargetDependency;
			target = 9BCADDAF1EC44C7F005ACFD6 /* StarWars */;
			targetProxy = 9BCADDC51EC44C80005ACFD6 /* PBXContainerItemProxy */;
		};
/* End PBXTargetDependency section */

/* Begin PBXVariantGroup section */
		9BCADDBC1EC44C7F005ACFD6 /* LaunchScreen.storyboard */ = {
			isa = PBXVariantGroup;
			children = (
				9BCADDBD1EC44C7F005ACFD6 /* Base */,
			);
			name = LaunchScreen.storyboard;
			sourceTree = "<group>";
		};
/* End PBXVariantGroup section */

/* Begin XCBuildConfiguration section */
		9BCADDCB1EC44C80005ACFD6 /* Debug */ = {
			isa = XCBuildConfiguration;
			buildSettings = {
				ALWAYS_SEARCH_USER_PATHS = NO;
				CLANG_ANALYZER_NONNULL = YES;
				CLANG_ANALYZER_NUMBER_OBJECT_CONVERSION = YES_AGGRESSIVE;
				CLANG_CXX_LANGUAGE_STANDARD = "gnu++0x";
				CLANG_CXX_LIBRARY = "libc++";
				CLANG_ENABLE_MODULES = YES;
				CLANG_ENABLE_OBJC_ARC = YES;
				CLANG_WARN_BOOL_CONVERSION = YES;
				CLANG_WARN_CONSTANT_CONVERSION = YES;
				CLANG_WARN_DIRECT_OBJC_ISA_USAGE = YES_ERROR;
				CLANG_WARN_DOCUMENTATION_COMMENTS = YES;
				CLANG_WARN_EMPTY_BODY = YES;
				CLANG_WARN_ENUM_CONVERSION = YES;
				CLANG_WARN_INFINITE_RECURSION = YES;
				CLANG_WARN_INT_CONVERSION = YES;
				CLANG_WARN_OBJC_ROOT_CLASS = YES_ERROR;
				CLANG_WARN_SUSPICIOUS_MOVE = YES;
				CLANG_WARN_UNREACHABLE_CODE = YES;
				CLANG_WARN__DUPLICATE_METHOD_MATCH = YES;
				"CODE_SIGN_IDENTITY[sdk=iphoneos*]" = "iPhone Developer";
				COPY_PHASE_STRIP = NO;
				DEBUG_INFORMATION_FORMAT = dwarf;
				ENABLE_STRICT_OBJC_MSGSEND = YES;
				ENABLE_TESTABILITY = YES;
				GCC_C_LANGUAGE_STANDARD = gnu99;
				GCC_DYNAMIC_NO_PIC = NO;
				GCC_NO_COMMON_BLOCKS = YES;
				GCC_OPTIMIZATION_LEVEL = 0;
				GCC_PREPROCESSOR_DEFINITIONS = (
					"DEBUG=1",
					"$(inherited)",
				);
				GCC_WARN_64_TO_32_BIT_CONVERSION = YES;
				GCC_WARN_ABOUT_RETURN_TYPE = YES_ERROR;
				GCC_WARN_UNDECLARED_SELECTOR = YES;
				GCC_WARN_UNINITIALIZED_AUTOS = YES_AGGRESSIVE;
				GCC_WARN_UNUSED_FUNCTION = YES;
				GCC_WARN_UNUSED_VARIABLE = YES;
				IPHONEOS_DEPLOYMENT_TARGET = 10.3;
				MTL_ENABLE_DEBUG_INFO = YES;
				ONLY_ACTIVE_ARCH = YES;
				SDKROOT = iphoneos;
				SWIFT_ACTIVE_COMPILATION_CONDITIONS = DEBUG;
				SWIFT_OPTIMIZATION_LEVEL = "-Onone";
			};
			name = Debug;
		};
		9BCADDCC1EC44C80005ACFD6 /* Release */ = {
			isa = XCBuildConfiguration;
			buildSettings = {
				ALWAYS_SEARCH_USER_PATHS = NO;
				CLANG_ANALYZER_NONNULL = YES;
				CLANG_ANALYZER_NUMBER_OBJECT_CONVERSION = YES_AGGRESSIVE;
				CLANG_CXX_LANGUAGE_STANDARD = "gnu++0x";
				CLANG_CXX_LIBRARY = "libc++";
				CLANG_ENABLE_MODULES = YES;
				CLANG_ENABLE_OBJC_ARC = YES;
				CLANG_WARN_BOOL_CONVERSION = YES;
				CLANG_WARN_CONSTANT_CONVERSION = YES;
				CLANG_WARN_DIRECT_OBJC_ISA_USAGE = YES_ERROR;
				CLANG_WARN_DOCUMENTATION_COMMENTS = YES;
				CLANG_WARN_EMPTY_BODY = YES;
				CLANG_WARN_ENUM_CONVERSION = YES;
				CLANG_WARN_INFINITE_RECURSION = YES;
				CLANG_WARN_INT_CONVERSION = YES;
				CLANG_WARN_OBJC_ROOT_CLASS = YES_ERROR;
				CLANG_WARN_SUSPICIOUS_MOVE = YES;
				CLANG_WARN_UNREACHABLE_CODE = YES;
				CLANG_WARN__DUPLICATE_METHOD_MATCH = YES;
				"CODE_SIGN_IDENTITY[sdk=iphoneos*]" = "iPhone Developer";
				COPY_PHASE_STRIP = NO;
				DEBUG_INFORMATION_FORMAT = "dwarf-with-dsym";
				ENABLE_NS_ASSERTIONS = NO;
				ENABLE_STRICT_OBJC_MSGSEND = YES;
				GCC_C_LANGUAGE_STANDARD = gnu99;
				GCC_NO_COMMON_BLOCKS = YES;
				GCC_WARN_64_TO_32_BIT_CONVERSION = YES;
				GCC_WARN_ABOUT_RETURN_TYPE = YES_ERROR;
				GCC_WARN_UNDECLARED_SELECTOR = YES;
				GCC_WARN_UNINITIALIZED_AUTOS = YES_AGGRESSIVE;
				GCC_WARN_UNUSED_FUNCTION = YES;
				GCC_WARN_UNUSED_VARIABLE = YES;
				IPHONEOS_DEPLOYMENT_TARGET = 10.3;
				MTL_ENABLE_DEBUG_INFO = NO;
				SDKROOT = iphoneos;
				SWIFT_OPTIMIZATION_LEVEL = "-Owholemodule";
				VALIDATE_PRODUCT = YES;
			};
			name = Release;
		};
		9BCADDCE1EC44C80005ACFD6 /* Debug */ = {
			isa = XCBuildConfiguration;
			buildSettings = {
				ASSETCATALOG_COMPILER_APPICON_NAME = AppIcon;
				FRAMEWORK_SEARCH_PATHS = (
					"$(inherited)",
					"$(PROJECT_DIR)/Carthage/Build/iOS",
				);
				INFOPLIST_FILE = StarWars/Info.plist;
				LD_RUNPATH_SEARCH_PATHS = "$(inherited) @executable_path/Frameworks";
				PRODUCT_BUNDLE_IDENTIFIER = com.shenghuawu.StarWars;
				PRODUCT_NAME = "$(TARGET_NAME)";
				SWIFT_VERSION = 3.0;
			};
			name = Debug;
		};
		9BCADDCF1EC44C80005ACFD6 /* Release */ = {
			isa = XCBuildConfiguration;
			buildSettings = {
				ASSETCATALOG_COMPILER_APPICON_NAME = AppIcon;
				FRAMEWORK_SEARCH_PATHS = (
					"$(inherited)",
					"$(PROJECT_DIR)/Carthage/Build/iOS",
				);
				INFOPLIST_FILE = StarWars/Info.plist;
				LD_RUNPATH_SEARCH_PATHS = "$(inherited) @executable_path/Frameworks";
				PRODUCT_BUNDLE_IDENTIFIER = com.shenghuawu.StarWars;
				PRODUCT_NAME = "$(TARGET_NAME)";
				SWIFT_VERSION = 3.0;
			};
			name = Release;
		};
		9BCADDD11EC44C80005ACFD6 /* Debug */ = {
			isa = XCBuildConfiguration;
			buildSettings = {
				ALWAYS_EMBED_SWIFT_STANDARD_LIBRARIES = YES;
				BUNDLE_LOADER = "$(TEST_HOST)";
				CLANG_ENABLE_MODULES = YES;
				FRAMEWORK_SEARCH_PATHS = "$(PROJECT_DIR)/Carthage/Build/iOS";
				INFOPLIST_FILE = StarWarsTests/Info.plist;
				LD_RUNPATH_SEARCH_PATHS = "$(inherited) @executable_path/Frameworks @loader_path/Frameworks";
				PRODUCT_BUNDLE_IDENTIFIER = com.shenghuawu.StarWarsTests;
				PRODUCT_NAME = "$(TARGET_NAME)";
				SWIFT_OBJC_BRIDGING_HEADER = "StarWarsTests/StarWarsTests-Bridging-Header.h";
				SWIFT_OPTIMIZATION_LEVEL = "-Onone";
				SWIFT_VERSION = 3.0;
				TEST_HOST = "$(BUILT_PRODUCTS_DIR)/StarWars.app/StarWars";
			};
			name = Debug;
		};
		9BCADDD21EC44C80005ACFD6 /* Release */ = {
			isa = XCBuildConfiguration;
			buildSettings = {
				ALWAYS_EMBED_SWIFT_STANDARD_LIBRARIES = YES;
				BUNDLE_LOADER = "$(TEST_HOST)";
				CLANG_ENABLE_MODULES = YES;
				FRAMEWORK_SEARCH_PATHS = "$(PROJECT_DIR)/Carthage/Build/iOS";
				INFOPLIST_FILE = StarWarsTests/Info.plist;
				LD_RUNPATH_SEARCH_PATHS = "$(inherited) @executable_path/Frameworks @loader_path/Frameworks";
				PRODUCT_BUNDLE_IDENTIFIER = com.shenghuawu.StarWarsTests;
				PRODUCT_NAME = "$(TARGET_NAME)";
				SWIFT_OBJC_BRIDGING_HEADER = "StarWarsTests/StarWarsTests-Bridging-Header.h";
				SWIFT_VERSION = 3.0;
				TEST_HOST = "$(BUILT_PRODUCTS_DIR)/StarWars.app/StarWars";
			};
			name = Release;
		};
/* End XCBuildConfiguration section */

/* Begin XCConfigurationList section */
		9BCADDAB1EC44C7F005ACFD6 /* Build configuration list for PBXProject "StarWars" */ = {
			isa = XCConfigurationList;
			buildConfigurations = (
				9BCADDCB1EC44C80005ACFD6 /* Debug */,
				9BCADDCC1EC44C80005ACFD6 /* Release */,
			);
			defaultConfigurationIsVisible = 0;
			defaultConfigurationName = Release;
		};
		9BCADDCD1EC44C80005ACFD6 /* Build configuration list for PBXNativeTarget "StarWars" */ = {
			isa = XCConfigurationList;
			buildConfigurations = (
				9BCADDCE1EC44C80005ACFD6 /* Debug */,
				9BCADDCF1EC44C80005ACFD6 /* Release */,
			);
			defaultConfigurationIsVisible = 0;
			defaultConfigurationName = Release;
		};
		9BCADDD01EC44C80005ACFD6 /* Build configuration list for PBXNativeTarget "StarWarsTests" */ = {
			isa = XCConfigurationList;
			buildConfigurations = (
				9BCADDD11EC44C80005ACFD6 /* Debug */,
				9BCADDD21EC44C80005ACFD6 /* Release */,
			);
			defaultConfigurationIsVisible = 0;
			defaultConfigurationName = Release;
		};
/* End XCConfigurationList section */
	};
	rootObject = 9BCADDA81EC44C7F005ACFD6 /* Project object */;
}
